{
  "name": "arjson",
  "version": "0.0.1",
  "lockfileVersion": 3,
  "requires": true,
  "packages": {
    "": {
      "name": "arjson",
      "version": "0.0.1",
      "license": "MIT",
      "dependencies": {
        "ramda": "^0.29.1"
      },
      "devDependencies": {
        "@msgpack/msgpack": "^3.0.1"
      }
    },
    "node_modules/@msgpack/msgpack": {
      "version": "3.0.1",
      "resolved": "https://registry.npmjs.org/@msgpack/msgpack/-/msgpack-3.0.1.tgz",
      "integrity": "sha512-9qysoVTITLcOFIIJeXbdtUgvvY25ojUp+WWfLc0O4H4KKWeamUNAqkjS5mej/PnVDnH70llWKNa7pzv5U4TqVQ==",
      "dev": true,
      "license": "ISC",
      "engines": {
        "node": ">= 18"
      }
    },
    "node_modules/ramda": {
      "version": "0.29.1",
      "resolved": "https://registry.npmjs.org/ramda/-/ramda-0.29.1.tgz",
      "integrity": "sha512-OfxIeWzd4xdUNxlWhgFazxsA/nl3mS4/jGZI5n00uWOoSSFRhC1b6gl6xvmzUamgmqELraWp0J/qqVlXYPDPyA==",
      "license": "MIT",
      "funding": {
        "type": "opencollective",
        "url": "https://opencollective.com/ramda"
      }
    }
  }
}
